// !$*UTF8*$!
{
	archiveVersion = 1;
	classes = {
	};
	objectVersion = 46;
	objects = {

/* Begin PBXBuildFile section */
		389941381B910EDD00B1D774 /* AppDelegate.swift in Sources */ = {isa = PBXBuildFile; fileRef = 389941371B910EDD00B1D774 /* AppDelegate.swift */; };
		3899413D1B910EDD00B1D774 /* Main.storyboard in Resources */ = {isa = PBXBuildFile; fileRef = 3899413B1B910EDD00B1D774 /* Main.storyboard */; };
		3899413F1B910EDD00B1D774 /* Assets.xcassets in Resources */ = {isa = PBXBuildFile; fileRef = 3899413E1B910EDD00B1D774 /* Assets.xcassets */; };
		389941421B910EDD00B1D774 /* LaunchScreen.storyboard in Resources */ = {isa = PBXBuildFile; fileRef = 389941401B910EDD00B1D774 /* LaunchScreen.storyboard */; };
		3899414D1B910EDE00B1D774 /* CruxClimbingTests.swift in Sources */ = {isa = PBXBuildFile; fileRef = 3899414C1B910EDE00B1D774 /* CruxClimbingTests.swift */; };
		389941581B910EDE00B1D774 /* CruxClimbingUITests.swift in Sources */ = {isa = PBXBuildFile; fileRef = 389941571B910EDE00B1D774 /* CruxClimbingUITests.swift */; };
		389941661B9110B600B1D774 /* CCTableViewController.swift in Sources */ = {isa = PBXBuildFile; fileRef = 389941651B9110B600B1D774 /* CCTableViewController.swift */; settings = {ASSET_TAGS = (); }; };
		389941681B9111DA00B1D774 /* WorkoutViewController.swift in Sources */ = {isa = PBXBuildFile; fileRef = 389941671B9111DA00B1D774 /* WorkoutViewController.swift */; settings = {ASSET_TAGS = (); }; };
		3899416A1B91140C00B1D774 /* TimerViewController.swift in Sources */ = {isa = PBXBuildFile; fileRef = 389941691B91140C00B1D774 /* TimerViewController.swift */; settings = {ASSET_TAGS = (); }; };
		3899416C1B91192600B1D774 /* NewExcerciseViewController.swift in Sources */ = {isa = PBXBuildFile; fileRef = 3899416B1B91192600B1D774 /* NewExcerciseViewController.swift */; settings = {ASSET_TAGS = (); }; };
/* End PBXBuildFile section */

/* Begin PBXContainerItemProxy section */
		389941491B910EDE00B1D774 /* PBXContainerItemProxy */ = {
			isa = PBXContainerItemProxy;
			containerPortal = 3899412C1B910EDD00B1D774 /* Project object */;
			proxyType = 1;
			remoteGlobalIDString = 389941331B910EDD00B1D774;
			remoteInfo = CruxClimbing;
		};
		389941541B910EDE00B1D774 /* PBXContainerItemProxy */ = {
			isa = PBXContainerItemProxy;
			containerPortal = 3899412C1B910EDD00B1D774 /* Project object */;
			proxyType = 1;
			remoteGlobalIDString = 389941331B910EDD00B1D774;
			remoteInfo = CruxClimbing;
		};
/* End PBXContainerItemProxy section */

/* Begin PBXFileReference section */
		389941341B910EDD00B1D774 /* CruxClimbing.app */ = {isa = PBXFileReference; explicitFileType = wrapper.application; includeInIndex = 0; path = CruxClimbing.app; sourceTree = BUILT_PRODUCTS_DIR; };
		389941371B910EDD00B1D774 /* AppDelegate.swift */ = {isa = PBXFileReference; lastKnownFileType = sourcecode.swift; path = AppDelegate.swift; sourceTree = "<group>"; };
		3899413C1B910EDD00B1D774 /* Base */ = {isa = PBXFileReference; lastKnownFileType = file.storyboard; name = Base; path = Base.lproj/Main.storyboard; sourceTree = "<group>"; };
		3899413E1B910EDD00B1D774 /* Assets.xcassets */ = {isa = PBXFileReference; lastKnownFileType = folder.assetcatalog; path = Assets.xcassets; sourceTree = "<group>"; };
		389941411B910EDD00B1D774 /* Base */ = {isa = PBXFileReference; lastKnownFileType = file.storyboard; name = Base; path = Base.lproj/LaunchScreen.storyboard; sourceTree = "<group>"; };
		389941431B910EDD00B1D774 /* Info.plist */ = {isa = PBXFileReference; lastKnownFileType = text.plist.xml; path = Info.plist; sourceTree = "<group>"; };
		389941481B910EDE00B1D774 /* CruxClimbingTests.xctest */ = {isa = PBXFileReference; explicitFileType = wrapper.cfbundle; includeInIndex = 0; path = CruxClimbingTests.xctest; sourceTree = BUILT_PRODUCTS_DIR; };
		3899414C1B910EDE00B1D774 /* CruxClimbingTests.swift */ = {isa = PBXFileReference; lastKnownFileType = sourcecode.swift; path = CruxClimbingTests.swift; sourceTree = "<group>"; };
		3899414E1B910EDE00B1D774 /* Info.plist */ = {isa = PBXFileReference; lastKnownFileType = text.plist.xml; path = Info.plist; sourceTree = "<group>"; };
		389941531B910EDE00B1D774 /* CruxClimbingUITests.xctest */ = {isa = PBXFileReference; explicitFileType = wrapper.cfbundle; includeInIndex = 0; path = CruxClimbingUITests.xctest; sourceTree = BUILT_PRODUCTS_DIR; };
		389941571B910EDE00B1D774 /* CruxClimbingUITests.swift */ = {isa = PBXFileReference; lastKnownFileType = sourcecode.swift; path = CruxClimbingUITests.swift; sourceTree = "<group>"; };
		389941591B910EDE00B1D774 /* Info.plist */ = {isa = PBXFileReference; lastKnownFileType = text.plist.xml; path = Info.plist; sourceTree = "<group>"; };
		389941651B9110B600B1D774 /* CCTableViewController.swift */ = {isa = PBXFileReference; fileEncoding = 4; lastKnownFileType = sourcecode.swift; path = CCTableViewController.swift; sourceTree = "<group>"; };
		389941671B9111DA00B1D774 /* WorkoutViewController.swift */ = {isa = PBXFileReference; fileEncoding = 4; lastKnownFileType = sourcecode.swift; path = WorkoutViewController.swift; sourceTree = "<group>"; };
		389941691B91140C00B1D774 /* TimerViewController.swift */ = {isa = PBXFileReference; fileEncoding = 4; lastKnownFileType = sourcecode.swift; path = TimerViewController.swift; sourceTree = "<group>"; };
		3899416B1B91192600B1D774 /* NewExcerciseViewController.swift */ = {isa = PBXFileReference; fileEncoding = 4; lastKnownFileType = sourcecode.swift; path = NewExcerciseViewController.swift; sourceTree = "<group>"; };
/* End PBXFileReference section */

/* Begin PBXFrameworksBuildPhase section */
		389941311B910EDD00B1D774 /* Frameworks */ = {
			isa = PBXFrameworksBuildPhase;
			buildActionMask = 2147483647;
			files = (
			);
			runOnlyForDeploymentPostprocessing = 0;
		};
		389941451B910EDE00B1D774 /* Frameworks */ = {
			isa = PBXFrameworksBuildPhase;
			buildActionMask = 2147483647;
			files = (
			);
			runOnlyForDeploymentPostprocessing = 0;
		};
		389941501B910EDE00B1D774 /* Frameworks */ = {
			isa = PBXFrameworksBuildPhase;
			buildActionMask = 2147483647;
			files = (
			);
			runOnlyForDeploymentPostprocessing = 0;
		};
/* End PBXFrameworksBuildPhase section */

/* Begin PBXGroup section */
		3899412B1B910EDD00B1D774 = {
			isa = PBXGroup;
			children = (
				389941361B910EDD00B1D774 /* CruxClimbing */,
				3899414B1B910EDE00B1D774 /* CruxClimbingTests */,
				389941561B910EDE00B1D774 /* CruxClimbingUITests */,
				389941351B910EDD00B1D774 /* Products */,
			);
			sourceTree = "<group>";
		};
		389941351B910EDD00B1D774 /* Products */ = {
			isa = PBXGroup;
			children = (
				389941341B910EDD00B1D774 /* CruxClimbing.app */,
				389941481B910EDE00B1D774 /* CruxClimbingTests.xctest */,
				389941531B910EDE00B1D774 /* CruxClimbingUITests.xctest */,
			);
			name = Products;
			sourceTree = "<group>";
		};
		389941361B910EDD00B1D774 /* CruxClimbing */ = {
			isa = PBXGroup;
			children = (
				389941371B910EDD00B1D774 /* AppDelegate.swift */,
				389941651B9110B600B1D774 /* CCTableViewController.swift */,
				3899416B1B91192600B1D774 /* NewExcerciseViewController.swift */,
				389941691B91140C00B1D774 /* TimerViewController.swift */,
				389941671B9111DA00B1D774 /* WorkoutViewController.swift */,
				3899413B1B910EDD00B1D774 /* Main.storyboard */,
				3899413E1B910EDD00B1D774 /* Assets.xcassets */,
				389941401B910EDD00B1D774 /* LaunchScreen.storyboard */,
				389941431B910EDD00B1D774 /* Info.plist */,
			);
			path = CruxClimbing;
			sourceTree = "<group>";
		};
		3899414B1B910EDE00B1D774 /* CruxClimbingTests */ = {
			isa = PBXGroup;
			children = (
				3899414C1B910EDE00B1D774 /* CruxClimbingTests.swift */,
				3899414E1B910EDE00B1D774 /* Info.plist */,
			);
			path = CruxClimbingTests;
			sourceTree = "<group>";
		};
		389941561B910EDE00B1D774 /* CruxClimbingUITests */ = {
			isa = PBXGroup;
			children = (
				389941571B910EDE00B1D774 /* CruxClimbingUITests.swift */,
				389941591B910EDE00B1D774 /* Info.plist */,
			);
			path = CruxClimbingUITests;
			sourceTree = "<group>";
		};
/* End PBXGroup section */

/* Begin PBXNativeTarget section */
		389941331B910EDD00B1D774 /* CruxClimbing */ = {
			isa = PBXNativeTarget;
			buildConfigurationList = 3899415C1B910EDE00B1D774 /* Build configuration list for PBXNativeTarget "CruxClimbing" */;
			buildPhases = (
				389941301B910EDD00B1D774 /* Sources */,
				389941311B910EDD00B1D774 /* Frameworks */,
				389941321B910EDD00B1D774 /* Resources */,
			);
			buildRules = (
			);
			dependencies = (
			);
			name = CruxClimbing;
			productName = CruxClimbing;
			productReference = 389941341B910EDD00B1D774 /* CruxClimbing.app */;
			productType = "com.apple.product-type.application";
		};
		389941471B910EDE00B1D774 /* CruxClimbingTests */ = {
			isa = PBXNativeTarget;
			buildConfigurationList = 3899415F1B910EDE00B1D774 /* Build configuration list for PBXNativeTarget "CruxClimbingTests" */;
			buildPhases = (
				389941441B910EDE00B1D774 /* Sources */,
				389941451B910EDE00B1D774 /* Frameworks */,
				389941461B910EDE00B1D774 /* Resources */,
			);
			buildRules = (
			);
			dependencies = (
				3899414A1B910EDE00B1D774 /* PBXTargetDependency */,
			);
			name = CruxClimbingTests;
			productName = CruxClimbingTests;
			productReference = 389941481B910EDE00B1D774 /* CruxClimbingTests.xctest */;
			productType = "com.apple.product-type.bundle.unit-test";
		};
		389941521B910EDE00B1D774 /* CruxClimbingUITests */ = {
			isa = PBXNativeTarget;
			buildConfigurationList = 389941621B910EDE00B1D774 /* Build configuration list for PBXNativeTarget "CruxClimbingUITests" */;
			buildPhases = (
				3899414F1B910EDE00B1D774 /* Sources */,
				389941501B910EDE00B1D774 /* Frameworks */,
				389941511B910EDE00B1D774 /* Resources */,
			);
			buildRules = (
			);
			dependencies = (
				389941551B910EDE00B1D774 /* PBXTargetDependency */,
			);
			name = CruxClimbingUITests;
			productName = CruxClimbingUITests;
			productReference = 389941531B910EDE00B1D774 /* CruxClimbingUITests.xctest */;
			productType = "com.apple.product-type.bundle.ui-testing";
		};
/* End PBXNativeTarget section */

/* Begin PBXProject section */
		3899412C1B910EDD00B1D774 /* Project object */ = {
			isa = PBXProject;
			attributes = {
				LastUpgradeCheck = 0700;
				ORGANIZATIONNAME = "Worth Baker";
				TargetAttributes = {
					389941331B910EDD00B1D774 = {
						CreatedOnToolsVersion = 7.0;
					};
					389941471B910EDE00B1D774 = {
						CreatedOnToolsVersion = 7.0;
						TestTargetID = 389941331B910EDD00B1D774;
					};
					389941521B910EDE00B1D774 = {
						CreatedOnToolsVersion = 7.0;
						TestTargetID = 389941331B910EDD00B1D774;
					};
				};
			};
			buildConfigurationList = 3899412F1B910EDD00B1D774 /* Build configuration list for PBXProject "CruxClimbing" */;
			compatibilityVersion = "Xcode 3.2";
			developmentRegion = English;
			hasScannedForEncodings = 0;
			knownRegions = (
				en,
				Base,
			);
			mainGroup = 3899412B1B910EDD00B1D774;
			productRefGroup = 389941351B910EDD00B1D774 /* Products */;
			projectDirPath = "";
			projectRoot = "";
			targets = (
				389941331B910EDD00B1D774 /* CruxClimbing */,
				389941471B910EDE00B1D774 /* CruxClimbingTests */,
				389941521B910EDE00B1D774 /* CruxClimbingUITests */,
			);
		};
/* End PBXProject section */

/* Begin PBXResourcesBuildPhase section */
		389941321B910EDD00B1D774 /* Resources */ = {
			isa = PBXResourcesBuildPhase;
			buildActionMask = 2147483647;
			files = (
				389941421B910EDD00B1D774 /* LaunchScreen.storyboard in Resources */,
				3899413F1B910EDD00B1D774 /* Assets.xcassets in Resources */,
				3899413D1B910EDD00B1D774 /* Main.storyboard in Resources */,
			);
			runOnlyForDeploymentPostprocessing = 0;
		};
		389941461B910EDE00B1D774 /* Resources */ = {
			isa = PBXResourcesBuildPhase;
			buildActionMask = 2147483647;
			files = (
			);
			runOnlyForDeploymentPostprocessing = 0;
		};
		389941511B910EDE00B1D774 /* Resources */ = {
			isa = PBXResourcesBuildPhase;
			buildActionMask = 2147483647;
			files = (
			);
			runOnlyForDeploymentPostprocessing = 0;
		};
/* End PBXResourcesBuildPhase section */

/* Begin PBXSourcesBuildPhase section */
		389941301B910EDD00B1D774 /* Sources */ = {
			isa = PBXSourcesBuildPhase;
			buildActionMask = 2147483647;
			files = (
				3899416A1B91140C00B1D774 /* TimerViewController.swift in Sources */,
				389941681B9111DA00B1D774 /* WorkoutViewController.swift in Sources */,
				389941381B910EDD00B1D774 /* AppDelegate.swift in Sources */,
				389941661B9110B600B1D774 /* CCTableViewController.swift in Sources */,
				3899416C1B91192600B1D774 /* NewExcerciseViewController.swift in Sources */,
			);
			runOnlyForDeploymentPostprocessing = 0;
		};
		389941441B910EDE00B1D774 /* Sources */ = {
			isa = PBXSourcesBuildPhase;
			buildActionMask = 2147483647;
			files = (
				3899414D1B910EDE00B1D774 /* CruxClimbingTests.swift in Sources */,
			);
			runOnlyForDeploymentPostprocessing = 0;
		};
		3899414F1B910EDE00B1D774 /* Sources */ = {
			isa = PBXSourcesBuildPhase;
			buildActionMask = 2147483647;
			files = (
				389941581B910EDE00B1D774 /* CruxClimbingUITests.swift in Sources */,
			);
			runOnlyForDeploymentPostprocessing = 0;
		};
/* End PBXSourcesBuildPhase section */

/* Begin PBXTargetDependency section */
		3899414A1B910EDE00B1D774 /* PBXTargetDependency */ = {
			isa = PBXTargetDependency;
			target = 389941331B910EDD00B1D774 /* CruxClimbing */;
			targetProxy = 389941491B910EDE00B1D774 /* PBXContainerItemProxy */;
		};
		389941551B910EDE00B1D774 /* PBXTargetDependency */ = {
			isa = PBXTargetDependency;
			target = 389941331B910EDD00B1D774 /* CruxClimbing */;
			targetProxy = 389941541B910EDE00B1D774 /* PBXContainerItemProxy */;
		};
/* End PBXTargetDependency section */

/* Begin PBXVariantGroup section */
		3899413B1B910EDD00B1D774 /* Main.storyboard */ = {
			isa = PBXVariantGroup;
			children = (
				3899413C1B910EDD00B1D774 /* Base */,
			);
			name = Main.storyboard;
			sourceTree = "<group>";
		};
		389941401B910EDD00B1D774 /* LaunchScreen.storyboard */ = {
			isa = PBXVariantGroup;
			children = (
				389941411B910EDD00B1D774 /* Base */,
			);
			name = LaunchScreen.storyboard;
			sourceTree = "<group>";
		};
/* End PBXVariantGroup section */

/* Begin XCBuildConfiguration section */
		3899415A1B910EDE00B1D774 /* Debug */ = {
			isa = XCBuildConfiguration;
			buildSettings = {
				ALWAYS_SEARCH_USER_PATHS = NO;
				CLANG_CXX_LANGUAGE_STANDARD = "gnu++0x";
				CLANG_CXX_LIBRARY = "libc++";
				CLANG_ENABLE_MODULES = YES;
				CLANG_ENABLE_OBJC_ARC = YES;
				CLANG_WARN_BOOL_CONVERSION = YES;
				CLANG_WARN_CONSTANT_CONVERSION = YES;
				CLANG_WARN_DIRECT_OBJC_ISA_USAGE = YES_ERROR;
				CLANG_WARN_EMPTY_BODY = YES;
				CLANG_WARN_ENUM_CONVERSION = YES;
				CLANG_WARN_INT_CONVERSION = YES;
				CLANG_WARN_OBJC_ROOT_CLASS = YES_ERROR;
				CLANG_WARN_UNREACHABLE_CODE = YES;
				CLANG_WARN__DUPLICATE_METHOD_MATCH = YES;
				"CODE_SIGN_IDENTITY[sdk=iphoneos*]" = "iPhone Developer";
				COPY_PHASE_STRIP = NO;
				DEBUG_INFORMATION_FORMAT = dwarf;
				ENABLE_STRICT_OBJC_MSGSEND = YES;
				ENABLE_TESTABILITY = YES;
				GCC_C_LANGUAGE_STANDARD = gnu99;
				GCC_DYNAMIC_NO_PIC = NO;
				GCC_NO_COMMON_BLOCKS = YES;
				GCC_OPTIMIZATION_LEVEL = 0;
				GCC_PREPROCESSOR_DEFINITIONS = (
					"DEBUG=1",
					"$(inherited)",
				);
				GCC_WARN_64_TO_32_BIT_CONVERSION = YES;
				GCC_WARN_ABOUT_RETURN_TYPE = YES_ERROR;
				GCC_WARN_UNDECLARED_SELECTOR = YES;
				GCC_WARN_UNINITIALIZED_AUTOS = YES_AGGRESSIVE;
				GCC_WARN_UNUSED_FUNCTION = YES;
				GCC_WARN_UNUSED_VARIABLE = YES;
				IPHONEOS_DEPLOYMENT_TARGET = 9.0;
				MTL_ENABLE_DEBUG_INFO = YES;
				ONLY_ACTIVE_ARCH = YES;
				SDKROOT = iphoneos;
				SWIFT_OPTIMIZATION_LEVEL = "-Onone";
			};
			name = Debug;
		};
		3899415B1B910EDE00B1D774 /* Release */ = {
			isa = XCBuildConfiguration;
			buildSettings = {
				ALWAYS_SEARCH_USER_PATHS = NO;
				CLANG_CXX_LANGUAGE_STANDARD = "gnu++0x";
				CLANG_CXX_LIBRARY = "libc++";
				CLANG_ENABLE_MODULES = YES;
				CLANG_ENABLE_OBJC_ARC = YES;
				CLANG_WARN_BOOL_CONVERSION = YES;
				CLANG_WARN_CONSTANT_CONVERSION = YES;
				CLANG_WARN_DIRECT_OBJC_ISA_USAGE = YES_ERROR;
				CLANG_WARN_EMPTY_BODY = YES;
				CLANG_WARN_ENUM_CONVERSION = YES;
				CLANG_WARN_INT_CONVERSION = YES;
				CLANG_WARN_OBJC_ROOT_CLASS = YES_ERROR;
				CLANG_WARN_UNREACHABLE_CODE = YES;
				CLANG_WARN__DUPLICATE_METHOD_MATCH = YES;
				"CODE_SIGN_IDENTITY[sdk=iphoneos*]" = "iPhone Developer";
				COPY_PHASE_STRIP = NO;
				DEBUG_INFORMATION_FORMAT = "dwarf-with-dsym";
				ENABLE_NS_ASSERTIONS = NO;
				ENABLE_STRICT_OBJC_MSGSEND = YES;
				GCC_C_LANGUAGE_STANDARD = gnu99;
				GCC_NO_COMMON_BLOCKS = YES;
				GCC_WARN_64_TO_32_BIT_CONVERSION = YES;
				GCC_WARN_ABOUT_RETURN_TYPE = YES_ERROR;
				GCC_WARN_UNDECLARED_SELECTOR = YES;
				GCC_WARN_UNINITIALIZED_AUTOS = YES_AGGRESSIVE;
				GCC_WARN_UNUSED_FUNCTION = YES;
				GCC_WARN_UNUSED_VARIABLE = YES;
				IPHONEOS_DEPLOYMENT_TARGET = 9.0;
				MTL_ENABLE_DEBUG_INFO = NO;
				SDKROOT = iphoneos;
				VALIDATE_PRODUCT = YES;
			};
			name = Release;
		};
		3899415D1B910EDE00B1D774 /* Debug */ = {
			isa = XCBuildConfiguration;
			buildSettings = {
				ASSETCATALOG_COMPILER_APPICON_NAME = AppIcon;
				INFOPLIST_FILE = CruxClimbing/Info.plist;
				LD_RUNPATH_SEARCH_PATHS = "$(inherited) @executable_path/Frameworks";
				PRODUCT_BUNDLE_IDENTIFIER = com.worthbak.CruxClimbing;
				PRODUCT_NAME = "$(TARGET_NAME)";
			};
			name = Debug;
		};
		3899415E1B910EDE00B1D774 /* Release */ = {
			isa = XCBuildConfiguration;
			buildSettings = {
				ASSETCATALOG_COMPILER_APPICON_NAME = AppIcon;
				INFOPLIST_FILE = CruxClimbing/Info.plist;
				LD_RUNPATH_SEARCH_PATHS = "$(inherited) @executable_path/Frameworks";
				PRODUCT_BUNDLE_IDENTIFIER = com.worthbak.CruxClimbing;
				PRODUCT_NAME = "$(TARGET_NAME)";
			};
			name = Release;
		};
		389941601B910EDE00B1D774 /* Debug */ = {
			isa = XCBuildConfiguration;
			buildSettings = {
				BUNDLE_LOADER = "$(TEST_HOST)";
				INFOPLIST_FILE = CruxClimbingTests/Info.plist;
				LD_RUNPATH_SEARCH_PATHS = "$(inherited) @executable_path/Frameworks @loader_path/Frameworks";
				PRODUCT_BUNDLE_IDENTIFIER = com.worthbak.CruxClimbingTests;
				PRODUCT_NAME = "$(TARGET_NAME)";
				TEST_HOST = "$(BUILT_PRODUCTS_DIR)/CruxClimbing.app/CruxClimbing";
			};
			name = Debug;
		};
		389941611B910EDE00B1D774 /* Release */ = {
			isa = XCBuildConfiguration;
			buildSettings = {
				BUNDLE_LOADER = "$(TEST_HOST)";
				INFOPLIST_FILE = CruxClimbingTests/Info.plist;
				LD_RUNPATH_SEARCH_PATHS = "$(inherited) @executable_path/Frameworks @loader_path/Frameworks";
				PRODUCT_BUNDLE_IDENTIFIER = com.worthbak.CruxClimbingTests;
				PRODUCT_NAME = "$(TARGET_NAME)";
				TEST_HOST = "$(BUILT_PRODUCTS_DIR)/CruxClimbing.app/CruxClimbing";
			};
			name = Release;
		};
		389941631B910EDE00B1D774 /* Debug */ = {
			isa = XCBuildConfiguration;
			buildSettings = {
				INFOPLIST_FILE = CruxClimbingUITests/Info.plist;
				LD_RUNPATH_SEARCH_PATHS = "$(inherited) @executable_path/Frameworks @loader_path/Frameworks";
				PRODUCT_BUNDLE_IDENTIFIER = com.worthbak.CruxClimbingUITests;
				PRODUCT_NAME = "$(TARGET_NAME)";
				TEST_TARGET_NAME = CruxClimbing;
				USES_XCTRUNNER = YES;
			};
			name = Debug;
		};
		389941641B910EDE00B1D774 /* Release */ = {
			isa = XCBuildConfiguration;
			buildSettings = {
				INFOPLIST_FILE = CruxClimbingUITests/Info.plist;
				LD_RUNPATH_SEARCH_PATHS = "$(inherited) @executable_path/Frameworks @loader_path/Frameworks";
				PRODUCT_BUNDLE_IDENTIFIER = com.worthbak.CruxClimbingUITests;
				PRODUCT_NAME = "$(TARGET_NAME)";
				TEST_TARGET_NAME = CruxClimbing;
				USES_XCTRUNNER = YES;
			};
			name = Release;
		};
/* End XCBuildConfiguration section */

/* Begin XCConfigurationList section */
		3899412F1B910EDD00B1D774 /* Build configuration list for PBXProject "CruxClimbing" */ = {
			isa = XCConfigurationList;
			buildConfigurations = (
				3899415A1B910EDE00B1D774 /* Debug */,
				3899415B1B910EDE00B1D774 /* Release */,
			);
			defaultConfigurationIsVisible = 0;
			defaultConfigurationName = Release;
		};
		3899415C1B910EDE00B1D774 /* Build configuration list for PBXNativeTarget "CruxClimbing" */ = {
			isa = XCConfigurationList;
			buildConfigurations = (
				3899415D1B910EDE00B1D774 /* Debug */,
				3899415E1B910EDE00B1D774 /* Release */,
			);
			defaultConfigurationIsVisible = 0;
		};
		3899415F1B910EDE00B1D774 /* Build configuration list for PBXNativeTarget "CruxClimbingTests" */ = {
			isa = XCConfigurationList;
			buildConfigurations = (
				389941601B910EDE00B1D774 /* Debug */,
				389941611B910EDE00B1D774 /* Release */,
			);
			defaultConfigurationIsVisible = 0;
		};
		389941621B910EDE00B1D774 /* Build configuration list for PBXNativeTarget "CruxClimbingUITests" */ = {
			isa = XCConfigurationList;
			buildConfigurations = (
				389941631B910EDE00B1D774 /* Debug */,
				389941641B910EDE00B1D774 /* Release */,
			);
			defaultConfigurationIsVisible = 0;
		};
/* End XCConfigurationList section */
	};
	rootObject = 3899412C1B910EDD00B1D774 /* Project object */;
}
